
Microsoft Visual Studio Solution File, Format Version 12.00
# Visual Studio Version 17
VisualStudioVersion = 17.3.32929.385
MinimumVisualStudioVersion = 10.0.40219.1
Project("{FAE04EC0-301F-11D3-BF4B-00C04F79EFBC}") = "Researchist", "Researchist\Researchist.csproj", "{7C0C3757-7A79-47FF-A501-F153B87EB22B}"
EndProject
Global
	GlobalSection(SolutionConfigurationPlatforms) = preSolution
		Debug|Any CPU = Debug|Any CPU
		Release|Any CPU = Release|Any CPU
	EndGlobalSection
	GlobalSection(ProjectConfigurationPlatforms) = postSolution
		{7C0C3757-7A79-47FF-A501-F153B87EB22B}.Debug|Any CPU.ActiveCfg = Debug|Any CPU
		{7C0C3757-7A79-47FF-A501-F153B87EB22B}.Debug|Any CPU.Build.0 = Debug|Any CPU
		{7C0C3757-7A79-47FF-A501-F153B87EB22B}.Release|Any CPU.ActiveCfg = Release|Any CPU
		{7C0C3757-7A79-47FF-A501-F153B87EB22B}.Release|Any CPU.Build.0 = Release|Any CPU
	EndGlobalSection
	GlobalSection(SolutionProperties) = preSolution
		HideSolutionNode = FALSE
	EndGlobalSection
	GlobalSection(ExtensibilityGlobals) = postSolution
		SolutionGuid = {00426C3C-E8DA-4055-9C09-21B7D58A0C5E}
	EndGlobalSection
EndGlobal
